
Microsoft Visual Studio Solution File, Format Version 12.00
# Visual Studio 15
VisualStudioVersion = 15.0.27004.2006
MinimumVisualStudioVersion = 10.0.40219.1
Project("{FAE04EC0-301F-11D3-BF4B-00C04F79EFBC}") = "HP32SII.Android", "HP32SII.Android\HP32SII.Android.csproj", "{11AA49CD-98C8-470F-879A-52EBD511CB4E}"
EndProject
Project("{FAE04EC0-301F-11D3-BF4B-00C04F79EFBC}") = "HP32SII.Logic", "HP32SII.Calculator\HP32SII.Logic.csproj", "{E672F6D9-F20B-4CC0-9829-CDB64DBE014A}"
EndProject
Project("{FAE04EC0-301F-11D3-BF4B-00C04F79EFBC}") = "HP32SII.Forms", "HP32SII.Forms\HP32SII.Forms.csproj", "{6F342257-11FC-44CC-924B-B588182F9D33}"
EndProject
Project("{FAE04EC0-301F-11D3-BF4B-00C04F79EFBC}") = "HP32SII.Logic.Test", "HP32SII.Calculator.Test\HP32SII.Logic.Test.csproj", "{7CA64EAB-15FE-4435-B1F7-1ACA48D5BD25}"
EndProject
Project("{FAE04EC0-301F-11D3-BF4B-00C04F79EFBC}") = "HP32SII.Wpf", "HP32SII.Wpf\HP32SII.Wpf.csproj", "{27911129-0A9D-4809-A747-23E8568C06E7}"
EndProject
Global
	GlobalSection(SolutionConfigurationPlatforms) = preSolution
		Debug|Any CPU = Debug|Any CPU
		Release|Any CPU = Release|Any CPU
	EndGlobalSection
	GlobalSection(ProjectConfigurationPlatforms) = postSolution
		{11AA49CD-98C8-470F-879A-52EBD511CB4E}.Debug|Any CPU.ActiveCfg = Debug|Any CPU
		{11AA49CD-98C8-470F-879A-52EBD511CB4E}.Debug|Any CPU.Build.0 = Debug|Any CPU
		{11AA49CD-98C8-470F-879A-52EBD511CB4E}.Debug|Any CPU.Deploy.0 = Debug|Any CPU
		{11AA49CD-98C8-470F-879A-52EBD511CB4E}.Release|Any CPU.ActiveCfg = Release|Any CPU
		{11AA49CD-98C8-470F-879A-52EBD511CB4E}.Release|Any CPU.Build.0 = Release|Any CPU
		{11AA49CD-98C8-470F-879A-52EBD511CB4E}.Release|Any CPU.Deploy.0 = Release|Any CPU
		{E672F6D9-F20B-4CC0-9829-CDB64DBE014A}.Debug|Any CPU.ActiveCfg = Debug|Any CPU
		{E672F6D9-F20B-4CC0-9829-CDB64DBE014A}.Debug|Any CPU.Build.0 = Debug|Any CPU
		{E672F6D9-F20B-4CC0-9829-CDB64DBE014A}.Release|Any CPU.ActiveCfg = Release|Any CPU
		{E672F6D9-F20B-4CC0-9829-CDB64DBE014A}.Release|Any CPU.Build.0 = Release|Any CPU
		{6F342257-11FC-44CC-924B-B588182F9D33}.Debug|Any CPU.ActiveCfg = Debug|Any CPU
		{6F342257-11FC-44CC-924B-B588182F9D33}.Debug|Any CPU.Build.0 = Debug|Any CPU
		{6F342257-11FC-44CC-924B-B588182F9D33}.Release|Any CPU.ActiveCfg = Release|Any CPU
		{6F342257-11FC-44CC-924B-B588182F9D33}.Release|Any CPU.Build.0 = Release|Any CPU
		{7CA64EAB-15FE-4435-B1F7-1ACA48D5BD25}.Debug|Any CPU.ActiveCfg = Debug|Any CPU
		{7CA64EAB-15FE-4435-B1F7-1ACA48D5BD25}.Debug|Any CPU.Build.0 = Debug|Any CPU
		{7CA64EAB-15FE-4435-B1F7-1ACA48D5BD25}.Release|Any CPU.ActiveCfg = Release|Any CPU
		{7CA64EAB-15FE-4435-B1F7-1ACA48D5BD25}.Release|Any CPU.Build.0 = Release|Any CPU
		{27911129-0A9D-4809-A747-23E8568C06E7}.Debug|Any CPU.ActiveCfg = Debug|Any CPU
		{27911129-0A9D-4809-A747-23E8568C06E7}.Debug|Any CPU.Build.0 = Debug|Any CPU
		{27911129-0A9D-4809-A747-23E8568C06E7}.Release|Any CPU.ActiveCfg = Release|Any CPU
		{27911129-0A9D-4809-A747-23E8568C06E7}.Release|Any CPU.Build.0 = Release|Any CPU
	EndGlobalSection
	GlobalSection(SolutionProperties) = preSolution
		HideSolutionNode = FALSE
	EndGlobalSection
	GlobalSection(ExtensibilityGlobals) = postSolution
		SolutionGuid = {568C9487-F3F9-40D5-B88F-78E578066B6E}
	EndGlobalSection
EndGlobal
